
Microsoft Visual Studio Solution File, Format Version 12.00
# Visual Studio Version 17
VisualStudioVersion = 17.11.35303.130
MinimumVisualStudioVersion = 10.0.40219.1
Project("{FAE04EC0-301F-11D3-BF4B-00C04F79EFBC}") = "Ebooks", "Ebooks\Ebooks.csproj", "{429848F4-8861-446E-A184-95C9140091CD}"
EndProject
Global
	GlobalSection(SolutionConfigurationPlatforms) = preSolution
		Debug|Any CPU = Debug|Any CPU
		Release|Any CPU = Release|Any CPU
	EndGlobalSection
	GlobalSection(ProjectConfigurationPlatforms) = postSolution
		{429848F4-8861-446E-A184-95C9140091CD}.Debug|Any CPU.ActiveCfg = Debug|Any CPU
		{429848F4-8861-446E-A184-95C9140091CD}.Debug|Any CPU.Build.0 = Debug|Any CPU
		{429848F4-8861-446E-A184-95C9140091CD}.Release|Any CPU.ActiveCfg = Release|Any CPU
		{429848F4-8861-446E-A184-95C9140091CD}.Release|Any CPU.Build.0 = Release|Any CPU
	EndGlobalSection
	GlobalSection(SolutionProperties) = preSolution
		HideSolutionNode = FALSE
	EndGlobalSection
	GlobalSection(ExtensibilityGlobals) = postSolution
		SolutionGuid = {D4F8EE97-8673-4082-979C-B19048F484D2}
	EndGlobalSection
EndGlobal
